
Microsoft Visual Studio Solution File, Format Version 12.00
# Visual Studio Version 17
VisualStudioVersion = 17.3.32825.248
MinimumVisualStudioVersion = 10.0.40219.1
Project("{2150E333-8FDC-42A3-9474-1A3956D46DE8}") = "src", "src", "{DBE38889-592B-4498-ACD2-678DD6E85B08}"
EndProject
Project("{2150E333-8FDC-42A3-9474-1A3956D46DE8}") = "corePackages", "corePackages", "{DD6A6BB6-97D3-4476-997B-A45E82492988}"
EndProject
Project("{2150E333-8FDC-42A3-9474-1A3956D46DE8}") = "kioPackages", "kioPackages", "{BCF254FF-A621-4E60-8B5F-F4255C6DD322}"
EndProject
Project("{9A19103F-16F7-4668-BE54-9A1E7A4F7556}") = "KIO.Application", "src\kioPackages\KIO.Application\KIO.Application.csproj", "{0093A431-2D15-43EC-95D2-444CA05E5E1D}"
EndProject
Project("{9A19103F-16F7-4668-BE54-9A1E7A4F7556}") = "KIO.Domain", "src\kioPackages\KIO.Domain\KIO.Domain.csproj", "{21FD652D-7C68-47B4-8B61-2009E454C38C}"
EndProject
Project("{9A19103F-16F7-4668-BE54-9A1E7A4F7556}") = "KIO.Infrastructure", "src\kioPackages\KIO.Infrastructure\KIO.Infrastructure.csproj", "{041950B6-275A-422D-8C4F-DFEDB41FDB3D}"
EndProject
Project("{9A19103F-16F7-4668-BE54-9A1E7A4F7556}") = "KIO.Persistance", "src\kioPackages\KIO.Persistance\KIO.Persistance.csproj", "{0BD5EFD0-27A0-4A89-B178-905A93A606C9}"
EndProject
Project("{9A19103F-16F7-4668-BE54-9A1E7A4F7556}") = "KIO.WebAPI", "src\kioPackages\KIO.WebAPI\KIO.WebAPI.csproj", "{0E3FA2D8-CF90-4C4B-873D-1D24FF4776EF}"
EndProject
Project("{9A19103F-16F7-4668-BE54-9A1E7A4F7556}") = "Core.Application", "src\corePackages\Core.Application\Core.Application.csproj", "{D8F50B3F-C454-4FA9-8DC4-64E3C172B96C}"
EndProject
Project("{9A19103F-16F7-4668-BE54-9A1E7A4F7556}") = "Core.CrossCuttingConcerns", "src\corePackages\Core.CrossCuttingConcers\Core.CrossCuttingConcerns.csproj", "{945ADDA6-C459-43C0-906C-1A9051FFF6EC}"
EndProject
Project("{9A19103F-16F7-4668-BE54-9A1E7A4F7556}") = "Core.ElasticSearch", "src\corePackages\Core.ElasticSearch\Core.ElasticSearch.csproj", "{62101F82-E795-4F52-AB06-B48543942929}"
EndProject
Project("{9A19103F-16F7-4668-BE54-9A1E7A4F7556}") = "Core.Mailing", "src\corePackages\Core.Mailing\Core.Mailing.csproj", "{07485630-07D1-4636-A28F-6F73F194549F}"
EndProject
Project("{9A19103F-16F7-4668-BE54-9A1E7A4F7556}") = "Core.Persistence", "src\corePackages\Core.Persistence\Core.Persistence.csproj", "{864DE635-5048-4ACA-AF24-5133040EFBE7}"
EndProject
Project("{9A19103F-16F7-4668-BE54-9A1E7A4F7556}") = "Core.Security", "src\corePackages\Core.Security\Core.Security.csproj", "{D60EA828-2CAD-43CE-82FF-AFA9AA94C12D}"
EndProject
Global
	GlobalSection(SolutionConfigurationPlatforms) = preSolution
		Debug|Any CPU = Debug|Any CPU
		Release|Any CPU = Release|Any CPU
	EndGlobalSection
	GlobalSection(ProjectConfigurationPlatforms) = postSolution
		{0093A431-2D15-43EC-95D2-444CA05E5E1D}.Debug|Any CPU.ActiveCfg = Debug|Any CPU
		{0093A431-2D15-43EC-95D2-444CA05E5E1D}.Debug|Any CPU.Build.0 = Debug|Any CPU
		{0093A431-2D15-43EC-95D2-444CA05E5E1D}.Release|Any CPU.ActiveCfg = Release|Any CPU
		{0093A431-2D15-43EC-95D2-444CA05E5E1D}.Release|Any CPU.Build.0 = Release|Any CPU
		{21FD652D-7C68-47B4-8B61-2009E454C38C}.Debug|Any CPU.ActiveCfg = Debug|Any CPU
		{21FD652D-7C68-47B4-8B61-2009E454C38C}.Debug|Any CPU.Build.0 = Debug|Any CPU
		{21FD652D-7C68-47B4-8B61-2009E454C38C}.Release|Any CPU.ActiveCfg = Release|Any CPU
		{21FD652D-7C68-47B4-8B61-2009E454C38C}.Release|Any CPU.Build.0 = Release|Any CPU
		{041950B6-275A-422D-8C4F-DFEDB41FDB3D}.Debug|Any CPU.ActiveCfg = Debug|Any CPU
		{041950B6-275A-422D-8C4F-DFEDB41FDB3D}.Debug|Any CPU.Build.0 = Debug|Any CPU
		{041950B6-275A-422D-8C4F-DFEDB41FDB3D}.Release|Any CPU.ActiveCfg = Release|Any CPU
		{041950B6-275A-422D-8C4F-DFEDB41FDB3D}.Release|Any CPU.Build.0 = Release|Any CPU
		{0BD5EFD0-27A0-4A89-B178-905A93A606C9}.Debug|Any CPU.ActiveCfg = Debug|Any CPU
		{0BD5EFD0-27A0-4A89-B178-905A93A606C9}.Debug|Any CPU.Build.0 = Debug|Any CPU
		{0BD5EFD0-27A0-4A89-B178-905A93A606C9}.Release|Any CPU.ActiveCfg = Release|Any CPU
		{0BD5EFD0-27A0-4A89-B178-905A93A606C9}.Release|Any CPU.Build.0 = Release|Any CPU
		{0E3FA2D8-CF90-4C4B-873D-1D24FF4776EF}.Debug|Any CPU.ActiveCfg = Debug|Any CPU
		{0E3FA2D8-CF90-4C4B-873D-1D24FF4776EF}.Debug|Any CPU.Build.0 = Debug|Any CPU
		{0E3FA2D8-CF90-4C4B-873D-1D24FF4776EF}.Release|Any CPU.ActiveCfg = Release|Any CPU
		{0E3FA2D8-CF90-4C4B-873D-1D24FF4776EF}.Release|Any CPU.Build.0 = Release|Any CPU
		{D8F50B3F-C454-4FA9-8DC4-64E3C172B96C}.Debug|Any CPU.ActiveCfg = Debug|Any CPU
		{D8F50B3F-C454-4FA9-8DC4-64E3C172B96C}.Debug|Any CPU.Build.0 = Debug|Any CPU
		{D8F50B3F-C454-4FA9-8DC4-64E3C172B96C}.Release|Any CPU.ActiveCfg = Release|Any CPU
		{D8F50B3F-C454-4FA9-8DC4-64E3C172B96C}.Release|Any CPU.Build.0 = Release|Any CPU
		{945ADDA6-C459-43C0-906C-1A9051FFF6EC}.Debug|Any CPU.ActiveCfg = Debug|Any CPU
		{945ADDA6-C459-43C0-906C-1A9051FFF6EC}.Debug|Any CPU.Build.0 = Debug|Any CPU
		{945ADDA6-C459-43C0-906C-1A9051FFF6EC}.Release|Any CPU.ActiveCfg = Release|Any CPU
		{945ADDA6-C459-43C0-906C-1A9051FFF6EC}.Release|Any CPU.Build.0 = Release|Any CPU
		{62101F82-E795-4F52-AB06-B48543942929}.Debug|Any CPU.ActiveCfg = Debug|Any CPU
		{62101F82-E795-4F52-AB06-B48543942929}.Debug|Any CPU.Build.0 = Debug|Any CPU
		{62101F82-E795-4F52-AB06-B48543942929}.Release|Any CPU.ActiveCfg = Release|Any CPU
		{62101F82-E795-4F52-AB06-B48543942929}.Release|Any CPU.Build.0 = Release|Any CPU
		{07485630-07D1-4636-A28F-6F73F194549F}.Debug|Any CPU.ActiveCfg = Debug|Any CPU
		{07485630-07D1-4636-A28F-6F73F194549F}.Debug|Any CPU.Build.0 = Debug|Any CPU
		{07485630-07D1-4636-A28F-6F73F194549F}.Release|Any CPU.ActiveCfg = Release|Any CPU
		{07485630-07D1-4636-A28F-6F73F194549F}.Release|Any CPU.Build.0 = Release|Any CPU
		{864DE635-5048-4ACA-AF24-5133040EFBE7}.Debug|Any CPU.ActiveCfg = Debug|Any CPU
		{864DE635-5048-4ACA-AF24-5133040EFBE7}.Debug|Any CPU.Build.0 = Debug|Any CPU
		{864DE635-5048-4ACA-AF24-5133040EFBE7}.Release|Any CPU.ActiveCfg = Release|Any CPU
		{864DE635-5048-4ACA-AF24-5133040EFBE7}.Release|Any CPU.Build.0 = Release|Any CPU
		{D60EA828-2CAD-43CE-82FF-AFA9AA94C12D}.Debug|Any CPU.ActiveCfg = Debug|Any CPU
		{D60EA828-2CAD-43CE-82FF-AFA9AA94C12D}.Debug|Any CPU.Build.0 = Debug|Any CPU
		{D60EA828-2CAD-43CE-82FF-AFA9AA94C12D}.Release|Any CPU.ActiveCfg = Release|Any CPU
		{D60EA828-2CAD-43CE-82FF-AFA9AA94C12D}.Release|Any CPU.Build.0 = Release|Any CPU
	EndGlobalSection
	GlobalSection(SolutionProperties) = preSolution
		HideSolutionNode = FALSE
	EndGlobalSection
	GlobalSection(NestedProjects) = preSolution
		{DD6A6BB6-97D3-4476-997B-A45E82492988} = {DBE38889-592B-4498-ACD2-678DD6E85B08}
		{BCF254FF-A621-4E60-8B5F-F4255C6DD322} = {DBE38889-592B-4498-ACD2-678DD6E85B08}
		{0093A431-2D15-43EC-95D2-444CA05E5E1D} = {BCF254FF-A621-4E60-8B5F-F4255C6DD322}
		{21FD652D-7C68-47B4-8B61-2009E454C38C} = {BCF254FF-A621-4E60-8B5F-F4255C6DD322}
		{041950B6-275A-422D-8C4F-DFEDB41FDB3D} = {BCF254FF-A621-4E60-8B5F-F4255C6DD322}
		{0BD5EFD0-27A0-4A89-B178-905A93A606C9} = {BCF254FF-A621-4E60-8B5F-F4255C6DD322}
		{0E3FA2D8-CF90-4C4B-873D-1D24FF4776EF} = {BCF254FF-A621-4E60-8B5F-F4255C6DD322}
		{D8F50B3F-C454-4FA9-8DC4-64E3C172B96C} = {DD6A6BB6-97D3-4476-997B-A45E82492988}
		{945ADDA6-C459-43C0-906C-1A9051FFF6EC} = {DD6A6BB6-97D3-4476-997B-A45E82492988}
		{62101F82-E795-4F52-AB06-B48543942929} = {DD6A6BB6-97D3-4476-997B-A45E82492988}
		{07485630-07D1-4636-A28F-6F73F194549F} = {DD6A6BB6-97D3-4476-997B-A45E82492988}
		{864DE635-5048-4ACA-AF24-5133040EFBE7} = {DD6A6BB6-97D3-4476-997B-A45E82492988}
		{D60EA828-2CAD-43CE-82FF-AFA9AA94C12D} = {DD6A6BB6-97D3-4476-997B-A45E82492988}
	EndGlobalSection
	GlobalSection(ExtensibilityGlobals) = postSolution
		SolutionGuid = {04C504FF-353E-4755-897B-4573783A4070}
	EndGlobalSection
EndGlobal
